// !$*UTF8*$!
{
	archiveVersion = 1;
	classes = {
	};
	objectVersion = 50;
	objects = {

/* Begin PBXBuildFile section */
		0A9CE7A122F756AA009CF7A8 /* Assets.xcassets in Resources */ = {isa = PBXBuildFile; fileRef = 0A9CE7A022F756AA009CF7A8 /* Assets.xcassets */; };
		0A9CE7A422F756AA009CF7A8 /* Preview Assets.xcassets in Resources */ = {isa = PBXBuildFile; fileRef = 0A9CE7A322F756AA009CF7A8 /* Preview Assets.xcassets */; };
		0A9CE7A722F756AA009CF7A8 /* LaunchScreen.storyboard in Resources */ = {isa = PBXBuildFile; fileRef = 0A9CE7A522F756AA009CF7A8 /* LaunchScreen.storyboard */; };
		0A9CE7D922F756E3009CF7A8 /* travelData.json in Resources */ = {isa = PBXBuildFile; fileRef = 0A9CE7AF22F756E3009CF7A8 /* travelData.json */; };
		0A9CE7DA22F756E3009CF7A8 /* monumentIndia.json in Resources */ = {isa = PBXBuildFile; fileRef = 0A9CE7B022F756E3009CF7A8 /* monumentIndia.json */; };
		0A9CE7DB22F756E3009CF7A8 /* victoriamemorial.jpg in Resources */ = {isa = PBXBuildFile; fileRef = 0A9CE7B222F756E3009CF7A8 /* victoriamemorial.jpg */; };
		0A9CE7DC22F756E3009CF7A8 /* goldentemple.jpg in Resources */ = {isa = PBXBuildFile; fileRef = 0A9CE7B322F756E3009CF7A8 /* goldentemple.jpg */; };
		0A9CE7DD22F756E3009CF7A8 /* indiagate.jpg in Resources */ = {isa = PBXBuildFile; fileRef = 0A9CE7B422F756E3009CF7A8 /* indiagate.jpg */; };
		0A9CE7DE22F756E3009CF7A8 /* humayunstomb.jpg in Resources */ = {isa = PBXBuildFile; fileRef = 0A9CE7B522F756E3009CF7A8 /* humayunstomb.jpg */; };
		0A9CE7DF22F756E3009CF7A8 /* gatewayofindia.jpg in Resources */ = {isa = PBXBuildFile; fileRef = 0A9CE7B622F756E3009CF7A8 /* gatewayofindia.jpg */; };
		0A9CE7E022F756E3009CF7A8 /* qutubminar.jpg in Resources */ = {isa = PBXBuildFile; fileRef = 0A9CE7B722F756E3009CF7A8 /* qutubminar.jpg */; };
		0A9CE7E122F756E3009CF7A8 /* hawamahal.jpg in Resources */ = {isa = PBXBuildFile; fileRef = 0A9CE7B822F756E3009CF7A8 /* hawamahal.jpg */; };
		0A9CE7E222F756E3009CF7A8 /* lotustemple.jpg in Resources */ = {isa = PBXBuildFile; fileRef = 0A9CE7B922F756E3009CF7A8 /* lotustemple.jpg */; };
		0A9CE7E322F756E3009CF7A8 /* charminar.jpg in Resources */ = {isa = PBXBuildFile; fileRef = 0A9CE7BA22F756E3009CF7A8 /* charminar.jpg */; };
		0A9CE7E422F756E3009CF7A8 /* tajmahal.jpg in Resources */ = {isa = PBXBuildFile; fileRef = 0A9CE7BB22F756E3009CF7A8 /* tajmahal.jpg */; };
		0A9CE7E522F756E3009CF7A8 /* MonumentRow.swift in Sources */ = {isa = PBXBuildFile; fileRef = 0A9CE7BD22F756E3009CF7A8 /* MonumentRow.swift */; };
		0A9CE7E622F756E3009CF7A8 /* MapView.swift in Sources */ = {isa = PBXBuildFile; fileRef = 0A9CE7BE22F756E3009CF7A8 /* MapView.swift */; };
		0A9CE7E722F756E3009CF7A8 /* CircleImage.swift in Sources */ = {isa = PBXBuildFile; fileRef = 0A9CE7BF22F756E3009CF7A8 /* CircleImage.swift */; };
		0A9CE7E822F756E3009CF7A8 /* RegionRow.swift in Sources */ = {isa = PBXBuildFile; fileRef = 0A9CE7C022F756E3009CF7A8 /* RegionRow.swift */; };
		0A9CE7E922F756E3009CF7A8 /* TravelView.swift in Sources */ = {isa = PBXBuildFile; fileRef = 0A9CE7C222F756E3009CF7A8 /* TravelView.swift */; };
		0A9CE7EA22F756E3009CF7A8 /* TravelDetail.swift in Sources */ = {isa = PBXBuildFile; fileRef = 0A9CE7C322F756E3009CF7A8 /* TravelDetail.swift */; };
		0A9CE7EB22F756E3009CF7A8 /* GraphCapsule.swift in Sources */ = {isa = PBXBuildFile; fileRef = 0A9CE7C422F756E3009CF7A8 /* GraphCapsule.swift */; };
		0A9CE7EC22F756E3009CF7A8 /* TravelGraph.swift in Sources */ = {isa = PBXBuildFile; fileRef = 0A9CE7C522F756E3009CF7A8 /* TravelGraph.swift */; };
		0A9CE7ED22F756E3009CF7A8 /* RotatedBadgeSymbol.swift in Sources */ = {isa = PBXBuildFile; fileRef = 0A9CE7C722F756E3009CF7A8 /* RotatedBadgeSymbol.swift */; };
		0A9CE7EE22F756E3009CF7A8 /* HexagonParameters.swift in Sources */ = {isa = PBXBuildFile; fileRef = 0A9CE7C822F756E3009CF7A8 /* HexagonParameters.swift */; };
		0A9CE7EF22F756E3009CF7A8 /* BadgeSymbol.swift in Sources */ = {isa = PBXBuildFile; fileRef = 0A9CE7C922F756E3009CF7A8 /* BadgeSymbol.swift */; };
		0A9CE7F022F756E3009CF7A8 /* BadgeBackground.swift in Sources */ = {isa = PBXBuildFile; fileRef = 0A9CE7CA22F756E3009CF7A8 /* BadgeBackground.swift */; };
		0A9CE7F122F756E3009CF7A8 /* Badge.swift in Sources */ = {isa = PBXBuildFile; fileRef = 0A9CE7CB22F756E3009CF7A8 /* Badge.swift */; };
		0A9CE7F222F756E3009CF7A8 /* RegionHome.swift in Sources */ = {isa = PBXBuildFile; fileRef = 0A9CE7CD22F756E3009CF7A8 /* RegionHome.swift */; };
		0A9CE7F322F756E3009CF7A8 /* ContentView.swift in Sources */ = {isa = PBXBuildFile; fileRef = 0A9CE7CE22F756E3009CF7A8 /* ContentView.swift */; };
		0A9CE7F422F756E3009CF7A8 /* MonumentDetail.swift in Sources */ = {isa = PBXBuildFile; fileRef = 0A9CE7CF22F756E3009CF7A8 /* MonumentDetail.swift */; };
		0A9CE7F522F756E3009CF7A8 /* MonumentList.swift in Sources */ = {isa = PBXBuildFile; fileRef = 0A9CE7D022F756E3009CF7A8 /* MonumentList.swift */; };
		0A9CE7F622F756E3009CF7A8 /* AppDelegate.swift in Sources */ = {isa = PBXBuildFile; fileRef = 0A9CE7D222F756E3009CF7A8 /* AppDelegate.swift */; };
		0A9CE7F722F756E3009CF7A8 /* SceneDelegate.swift in Sources */ = {isa = PBXBuildFile; fileRef = 0A9CE7D322F756E3009CF7A8 /* SceneDelegate.swift */; };
		0A9CE7F822F756E3009CF7A8 /* Monument.swift in Sources */ = {isa = PBXBuildFile; fileRef = 0A9CE7D522F756E3009CF7A8 /* Monument.swift */; };
		0A9CE7F922F756E3009CF7A8 /* Data.swift in Sources */ = {isa = PBXBuildFile; fileRef = 0A9CE7D622F756E3009CF7A8 /* Data.swift */; };
		0A9CE7FA22F756E3009CF7A8 /* UserData.swift in Sources */ = {isa = PBXBuildFile; fileRef = 0A9CE7D722F756E3009CF7A8 /* UserData.swift */; };
		0A9CE7FB22F756E3009CF7A8 /* Travel.swift in Sources */ = {isa = PBXBuildFile; fileRef = 0A9CE7D822F756E3009CF7A8 /* Travel.swift */; };
		0A9CE7FD22F79D48009CF7A8 /* CustomFonts.swift in Sources */ = {isa = PBXBuildFile; fileRef = 0A9CE7FC22F79D48009CF7A8 /* CustomFonts.swift */; };
/* End PBXBuildFile section */

/* Begin PBXFileReference section */
		0A9CE79722F756A8009CF7A8 /* Monuments.app */ = {isa = PBXFileReference; explicitFileType = wrapper.application; includeInIndex = 0; path = Monuments.app; sourceTree = BUILT_PRODUCTS_DIR; };
		0A9CE7A022F756AA009CF7A8 /* Assets.xcassets */ = {isa = PBXFileReference; lastKnownFileType = folder.assetcatalog; path = Assets.xcassets; sourceTree = "<group>"; };
		0A9CE7A322F756AA009CF7A8 /* Preview Assets.xcassets */ = {isa = PBXFileReference; lastKnownFileType = folder.assetcatalog; path = "Preview Assets.xcassets"; sourceTree = "<group>"; };
		0A9CE7A622F756AA009CF7A8 /* Base */ = {isa = PBXFileReference; lastKnownFileType = file.storyboard; name = Base; path = Base.lproj/LaunchScreen.storyboard; sourceTree = "<group>"; };
		0A9CE7A822F756AA009CF7A8 /* Info.plist */ = {isa = PBXFileReference; lastKnownFileType = text.plist.xml; path = Info.plist; sourceTree = "<group>"; };
		0A9CE7AF22F756E3009CF7A8 /* travelData.json */ = {isa = PBXFileReference; fileEncoding = 4; lastKnownFileType = text.json; path = travelData.json; sourceTree = "<group>"; };
		0A9CE7B022F756E3009CF7A8 /* monumentIndia.json */ = {isa = PBXFileReference; fileEncoding = 4; lastKnownFileType = text.json; path = monumentIndia.json; sourceTree = "<group>"; };
		0A9CE7B222F756E3009CF7A8 /* victoriamemorial.jpg */ = {isa = PBXFileReference; lastKnownFileType = image.jpeg; path = victoriamemorial.jpg; sourceTree = "<group>"; };
		0A9CE7B322F756E3009CF7A8 /* goldentemple.jpg */ = {isa = PBXFileReference; lastKnownFileType = image.jpeg; path = goldentemple.jpg; sourceTree = "<group>"; };
		0A9CE7B422F756E3009CF7A8 /* indiagate.jpg */ = {isa = PBXFileReference; lastKnownFileType = image.jpeg; path = indiagate.jpg; sourceTree = "<group>"; };
		0A9CE7B522F756E3009CF7A8 /* humayunstomb.jpg */ = {isa = PBXFileReference; lastKnownFileType = image.jpeg; path = humayunstomb.jpg; sourceTree = "<group>"; };
		0A9CE7B622F756E3009CF7A8 /* gatewayofindia.jpg */ = {isa = PBXFileReference; lastKnownFileType = image.jpeg; path = gatewayofindia.jpg; sourceTree = "<group>"; };
		0A9CE7B722F756E3009CF7A8 /* qutubminar.jpg */ = {isa = PBXFileReference; lastKnownFileType = image.jpeg; path = qutubminar.jpg; sourceTree = "<group>"; };
		0A9CE7B822F756E3009CF7A8 /* hawamahal.jpg */ = {isa = PBXFileReference; lastKnownFileType = image.jpeg; path = hawamahal.jpg; sourceTree = "<group>"; };
		0A9CE7B922F756E3009CF7A8 /* lotustemple.jpg */ = {isa = PBXFileReference; lastKnownFileType = image.jpeg; path = lotustemple.jpg; sourceTree = "<group>"; };
		0A9CE7BA22F756E3009CF7A8 /* charminar.jpg */ = {isa = PBXFileReference; lastKnownFileType = image.jpeg; path = charminar.jpg; sourceTree = "<group>"; };
		0A9CE7BB22F756E3009CF7A8 /* tajmahal.jpg */ = {isa = PBXFileReference; lastKnownFileType = image.jpeg; path = tajmahal.jpg; sourceTree = "<group>"; };
		0A9CE7BD22F756E3009CF7A8 /* MonumentRow.swift */ = {isa = PBXFileReference; fileEncoding = 4; lastKnownFileType = sourcecode.swift; path = MonumentRow.swift; sourceTree = "<group>"; };
		0A9CE7BE22F756E3009CF7A8 /* MapView.swift */ = {isa = PBXFileReference; fileEncoding = 4; lastKnownFileType = sourcecode.swift; path = MapView.swift; sourceTree = "<group>"; };
		0A9CE7BF22F756E3009CF7A8 /* CircleImage.swift */ = {isa = PBXFileReference; fileEncoding = 4; lastKnownFileType = sourcecode.swift; path = CircleImage.swift; sourceTree = "<group>"; };
		0A9CE7C022F756E3009CF7A8 /* RegionRow.swift */ = {isa = PBXFileReference; fileEncoding = 4; lastKnownFileType = sourcecode.swift; path = RegionRow.swift; sourceTree = "<group>"; };
		0A9CE7C222F756E3009CF7A8 /* TravelView.swift */ = {isa = PBXFileReference; fileEncoding = 4; lastKnownFileType = sourcecode.swift; path = TravelView.swift; sourceTree = "<group>"; };
		0A9CE7C322F756E3009CF7A8 /* TravelDetail.swift */ = {isa = PBXFileReference; fileEncoding = 4; lastKnownFileType = sourcecode.swift; path = TravelDetail.swift; sourceTree = "<group>"; };
		0A9CE7C422F756E3009CF7A8 /* GraphCapsule.swift */ = {isa = PBXFileReference; fileEncoding = 4; lastKnownFileType = sourcecode.swift; path = GraphCapsule.swift; sourceTree = "<group>"; };
		0A9CE7C522F756E3009CF7A8 /* TravelGraph.swift */ = {isa = PBXFileReference; fileEncoding = 4; lastKnownFileType = sourcecode.swift; path = TravelGraph.swift; sourceTree = "<group>"; };
		0A9CE7C722F756E3009CF7A8 /* RotatedBadgeSymbol.swift */ = {isa = PBXFileReference; fileEncoding = 4; lastKnownFileType = sourcecode.swift; path = RotatedBadgeSymbol.swift; sourceTree = "<group>"; };
		0A9CE7C822F756E3009CF7A8 /* HexagonParameters.swift */ = {isa = PBXFileReference; fileEncoding = 4; lastKnownFileType = sourcecode.swift; path = HexagonParameters.swift; sourceTree = "<group>"; };
		0A9CE7C922F756E3009CF7A8 /* BadgeSymbol.swift */ = {isa = PBXFileReference; fileEncoding = 4; lastKnownFileType = sourcecode.swift; path = BadgeSymbol.swift; sourceTree = "<group>"; };
		0A9CE7CA22F756E3009CF7A8 /* BadgeBackground.swift */ = {isa = PBXFileReference; fileEncoding = 4; lastKnownFileType = sourcecode.swift; path = BadgeBackground.swift; sourceTree = "<group>"; };
		0A9CE7CB22F756E3009CF7A8 /* Badge.swift */ = {isa = PBXFileReference; fileEncoding = 4; lastKnownFileType = sourcecode.swift; path = Badge.swift; sourceTree = "<group>"; };
		0A9CE7CD22F756E3009CF7A8 /* RegionHome.swift */ = {isa = PBXFileReference; fileEncoding = 4; lastKnownFileType = sourcecode.swift; path = RegionHome.swift; sourceTree = "<group>"; };
		0A9CE7CE22F756E3009CF7A8 /* ContentView.swift */ = {isa = PBXFileReference; fileEncoding = 4; lastKnownFileType = sourcecode.swift; path = ContentView.swift; sourceTree = "<group>"; };
		0A9CE7CF22F756E3009CF7A8 /* MonumentDetail.swift */ = {isa = PBXFileReference; fileEncoding = 4; lastKnownFileType = sourcecode.swift; path = MonumentDetail.swift; sourceTree = "<group>"; };
		0A9CE7D022F756E3009CF7A8 /* MonumentList.swift */ = {isa = PBXFileReference; fileEncoding = 4; lastKnownFileType = sourcecode.swift; path = MonumentList.swift; sourceTree = "<group>"; };
		0A9CE7D222F756E3009CF7A8 /* AppDelegate.swift */ = {isa = PBXFileReference; fileEncoding = 4; lastKnownFileType = sourcecode.swift; path = AppDelegate.swift; sourceTree = "<group>"; };
		0A9CE7D322F756E3009CF7A8 /* SceneDelegate.swift */ = {isa = PBXFileReference; fileEncoding = 4; lastKnownFileType = sourcecode.swift; path = SceneDelegate.swift; sourceTree = "<group>"; };
		0A9CE7D522F756E3009CF7A8 /* Monument.swift */ = {isa = PBXFileReference; fileEncoding = 4; lastKnownFileType = sourcecode.swift; path = Monument.swift; sourceTree = "<group>"; };
		0A9CE7D622F756E3009CF7A8 /* Data.swift */ = {isa = PBXFileReference; fileEncoding = 4; lastKnownFileType = sourcecode.swift; path = Data.swift; sourceTree = "<group>"; };
		0A9CE7D722F756E3009CF7A8 /* UserData.swift */ = {isa = PBXFileReference; fileEncoding = 4; lastKnownFileType = sourcecode.swift; path = UserData.swift; sourceTree = "<group>"; };
		0A9CE7D822F756E3009CF7A8 /* Travel.swift */ = {isa = PBXFileReference; fileEncoding = 4; lastKnownFileType = sourcecode.swift; path = Travel.swift; sourceTree = "<group>"; };
		0A9CE7FC22F79D48009CF7A8 /* CustomFonts.swift */ = {isa = PBXFileReference; lastKnownFileType = sourcecode.swift; path = CustomFonts.swift; sourceTree = "<group>"; };
/* End PBXFileReference section */

/* Begin PBXFrameworksBuildPhase section */
		0A9CE79422F756A8009CF7A8 /* Frameworks */ = {
			isa = PBXFrameworksBuildPhase;
			buildActionMask = 2147483647;
			files = (
			);
			runOnlyForDeploymentPostprocessing = 0;
		};
/* End PBXFrameworksBuildPhase section */

/* Begin PBXGroup section */
		0A9CE78E22F756A8009CF7A8 = {
			isa = PBXGroup;
			children = (
				0A9CE79922F756A8009CF7A8 /* Monuments */,
				0A9CE79822F756A8009CF7A8 /* Products */,
			);
			sourceTree = "<group>";
		};
		0A9CE79822F756A8009CF7A8 /* Products */ = {
			isa = PBXGroup;
			children = (
				0A9CE79722F756A8009CF7A8 /* Monuments.app */,
			);
			name = Products;
			sourceTree = "<group>";
		};
		0A9CE79922F756A8009CF7A8 /* Monuments */ = {
			isa = PBXGroup;
			children = (
				0A9CE7D122F756E3009CF7A8 /* Delegates */,
				0A9CE7CC22F756E3009CF7A8 /* MainViews */,
				0A9CE7D422F756E3009CF7A8 /* Models */,
				0A9CE7AE22F756E3009CF7A8 /* Resources */,
				0A9CE7BC22F756E3009CF7A8 /* Supporting Views */,
				0A9CE7A022F756AA009CF7A8 /* Assets.xcassets */,
				0A9CE7A522F756AA009CF7A8 /* LaunchScreen.storyboard */,
				0A9CE7A822F756AA009CF7A8 /* Info.plist */,
				0A9CE7A222F756AA009CF7A8 /* Preview Content */,
			);
			path = Monuments;
			sourceTree = "<group>";
		};
		0A9CE7A222F756AA009CF7A8 /* Preview Content */ = {
			isa = PBXGroup;
			children = (
				0A9CE7A322F756AA009CF7A8 /* Preview Assets.xcassets */,
			);
			path = "Preview Content";
			sourceTree = "<group>";
		};
		0A9CE7AE22F756E3009CF7A8 /* Resources */ = {
			isa = PBXGroup;
			children = (
				0A9CE7AF22F756E3009CF7A8 /* travelData.json */,
				0A9CE7B022F756E3009CF7A8 /* monumentIndia.json */,
				0A9CE7B122F756E3009CF7A8 /* India */,
			);
			path = Resources;
			sourceTree = "<group>";
		};
		0A9CE7B122F756E3009CF7A8 /* India */ = {
			isa = PBXGroup;
			children = (
				0A9CE7B222F756E3009CF7A8 /* victoriamemorial.jpg */,
				0A9CE7B322F756E3009CF7A8 /* goldentemple.jpg */,
				0A9CE7B422F756E3009CF7A8 /* indiagate.jpg */,
				0A9CE7B522F756E3009CF7A8 /* humayunstomb.jpg */,
				0A9CE7B622F756E3009CF7A8 /* gatewayofindia.jpg */,
				0A9CE7B722F756E3009CF7A8 /* qutubminar.jpg */,
				0A9CE7B822F756E3009CF7A8 /* hawamahal.jpg */,
				0A9CE7B922F756E3009CF7A8 /* lotustemple.jpg */,
				0A9CE7BA22F756E3009CF7A8 /* charminar.jpg */,
				0A9CE7BB22F756E3009CF7A8 /* tajmahal.jpg */,
			);
			path = India;
			sourceTree = "<group>";
		};
		0A9CE7BC22F756E3009CF7A8 /* Supporting Views */ = {
			isa = PBXGroup;
			children = (
				0A9CE7FC22F79D48009CF7A8 /* CustomFonts.swift */,
				0A9CE7BD22F756E3009CF7A8 /* MonumentRow.swift */,
				0A9CE7BE22F756E3009CF7A8 /* MapView.swift */,
				0A9CE7BF22F756E3009CF7A8 /* CircleImage.swift */,
				0A9CE7C022F756E3009CF7A8 /* RegionRow.swift */,
				0A9CE7C122F756E3009CF7A8 /* Travel */,
				0A9CE7C622F756E3009CF7A8 /* Badge */,
			);
			path = "Supporting Views";
			sourceTree = "<group>";
		};
		0A9CE7C122F756E3009CF7A8 /* Travel */ = {
			isa = PBXGroup;
			children = (
				0A9CE7C222F756E3009CF7A8 /* TravelView.swift */,
				0A9CE7C322F756E3009CF7A8 /* TravelDetail.swift */,
				0A9CE7C422F756E3009CF7A8 /* GraphCapsule.swift */,
				0A9CE7C522F756E3009CF7A8 /* TravelGraph.swift */,
			);
			path = Travel;
			sourceTree = "<group>";
		};
		0A9CE7C622F756E3009CF7A8 /* Badge */ = {
			isa = PBXGroup;
			children = (
				0A9CE7C722F756E3009CF7A8 /* RotatedBadgeSymbol.swift */,
				0A9CE7C822F756E3009CF7A8 /* HexagonParameters.swift */,
				0A9CE7C922F756E3009CF7A8 /* BadgeSymbol.swift */,
				0A9CE7CA22F756E3009CF7A8 /* BadgeBackground.swift */,
				0A9CE7CB22F756E3009CF7A8 /* Badge.swift */,
			);
			path = Badge;
			sourceTree = "<group>";
		};
		0A9CE7CC22F756E3009CF7A8 /* MainViews */ = {
			isa = PBXGroup;
			children = (
				0A9CE7CD22F756E3009CF7A8 /* RegionHome.swift */,
				0A9CE7CE22F756E3009CF7A8 /* ContentView.swift */,
				0A9CE7CF22F756E3009CF7A8 /* MonumentDetail.swift */,
				0A9CE7D022F756E3009CF7A8 /* MonumentList.swift */,
			);
			path = MainViews;
			sourceTree = "<group>";
		};
		0A9CE7D122F756E3009CF7A8 /* Delegates */ = {
			isa = PBXGroup;
			children = (
				0A9CE7D222F756E3009CF7A8 /* AppDelegate.swift */,
				0A9CE7D322F756E3009CF7A8 /* SceneDelegate.swift */,
			);
			path = Delegates;
			sourceTree = "<group>";
		};
		0A9CE7D422F756E3009CF7A8 /* Models */ = {
			isa = PBXGroup;
			children = (
				0A9CE7D522F756E3009CF7A8 /* Monument.swift */,
				0A9CE7D622F756E3009CF7A8 /* Data.swift */,
				0A9CE7D722F756E3009CF7A8 /* UserData.swift */,
				0A9CE7D822F756E3009CF7A8 /* Travel.swift */,
			);
			path = Models;
			sourceTree = "<group>";
		};
/* End PBXGroup section */

/* Begin PBXNativeTarget section */
		0A9CE79622F756A8009CF7A8 /* Monuments */ = {
			isa = PBXNativeTarget;
			buildConfigurationList = 0A9CE7AB22F756AA009CF7A8 /* Build configuration list for PBXNativeTarget "Monuments" */;
			buildPhases = (
				0A9CE79322F756A8009CF7A8 /* Sources */,
				0A9CE79422F756A8009CF7A8 /* Frameworks */,
				0A9CE79522F756A8009CF7A8 /* Resources */,
			);
			buildRules = (
			);
			dependencies = (
			);
			name = Monuments;
			productName = Monuments;
			productReference = 0A9CE79722F756A8009CF7A8 /* Monuments.app */;
			productType = "com.apple.product-type.application";
		};
/* End PBXNativeTarget section */

/* Begin PBXProject section */
		0A9CE78F22F756A8009CF7A8 /* Project object */ = {
			isa = PBXProject;
			attributes = {
				LastSwiftUpdateCheck = 1100;
				LastUpgradeCheck = 1100;
				ORGANIZATIONNAME = "Rudrank Riyam";
				TargetAttributes = {
					0A9CE79622F756A8009CF7A8 = {
						CreatedOnToolsVersion = 11.0;
					};
				};
			};
			buildConfigurationList = 0A9CE79222F756A8009CF7A8 /* Build configuration list for PBXProject "Monuments" */;
			compatibilityVersion = "Xcode 9.3";
			developmentRegion = en;
			hasScannedForEncodings = 0;
			knownRegions = (
				en,
				Base,
			);
			mainGroup = 0A9CE78E22F756A8009CF7A8;
			productRefGroup = 0A9CE79822F756A8009CF7A8 /* Products */;
			projectDirPath = "";
			projectRoot = "";
			targets = (
				0A9CE79622F756A8009CF7A8 /* Monuments */,
			);
		};
/* End PBXProject section */

/* Begin PBXResourcesBuildPhase section */
		0A9CE79522F756A8009CF7A8 /* Resources */ = {
			isa = PBXResourcesBuildPhase;
			buildActionMask = 2147483647;
			files = (
				0A9CE7A722F756AA009CF7A8 /* LaunchScreen.storyboard in Resources */,
				0A9CE7DA22F756E3009CF7A8 /* monumentIndia.json in Resources */,
				0A9CE7DE22F756E3009CF7A8 /* humayunstomb.jpg in Resources */,
				0A9CE7E322F756E3009CF7A8 /* charminar.jpg in Resources */,
				0A9CE7DD22F756E3009CF7A8 /* indiagate.jpg in Resources */,
				0A9CE7A422F756AA009CF7A8 /* Preview Assets.xcassets in Resources */,
				0A9CE7E022F756E3009CF7A8 /* qutubminar.jpg in Resources */,
				0A9CE7DF22F756E3009CF7A8 /* gatewayofindia.jpg in Resources */,
				0A9CE7E222F756E3009CF7A8 /* lotustemple.jpg in Resources */,
				0A9CE7E422F756E3009CF7A8 /* tajmahal.jpg in Resources */,
				0A9CE7DC22F756E3009CF7A8 /* goldentemple.jpg in Resources */,
				0A9CE7E122F756E3009CF7A8 /* hawamahal.jpg in Resources */,
				0A9CE7A122F756AA009CF7A8 /* Assets.xcassets in Resources */,
				0A9CE7DB22F756E3009CF7A8 /* victoriamemorial.jpg in Resources */,
				0A9CE7D922F756E3009CF7A8 /* travelData.json in Resources */,
			);
			runOnlyForDeploymentPostprocessing = 0;
		};
/* End PBXResourcesBuildPhase section */

/* Begin PBXSourcesBuildPhase section */
		0A9CE79322F756A8009CF7A8 /* Sources */ = {
			isa = PBXSourcesBuildPhase;
			buildActionMask = 2147483647;
			files = (
				0A9CE7F522F756E3009CF7A8 /* MonumentList.swift in Sources */,
				0A9CE7EB22F756E3009CF7A8 /* GraphCapsule.swift in Sources */,
				0A9CE7F422F756E3009CF7A8 /* MonumentDetail.swift in Sources */,
				0A9CE7FA22F756E3009CF7A8 /* UserData.swift in Sources */,
				0A9CE7E822F756E3009CF7A8 /* RegionRow.swift in Sources */,
				0A9CE7EA22F756E3009CF7A8 /* TravelDetail.swift in Sources */,
				0A9CE7F922F756E3009CF7A8 /* Data.swift in Sources */,
				0A9CE7F722F756E3009CF7A8 /* SceneDelegate.swift in Sources */,
				0A9CE7E622F756E3009CF7A8 /* MapView.swift in Sources */,
				0A9CE7FD22F79D48009CF7A8 /* CustomFonts.swift in Sources */,
				0A9CE7E922F756E3009CF7A8 /* TravelView.swift in Sources */,
				0A9CE7F222F756E3009CF7A8 /* RegionHome.swift in Sources */,
				0A9CE7FB22F756E3009CF7A8 /* Travel.swift in Sources */,
				0A9CE7EF22F756E3009CF7A8 /* BadgeSymbol.swift in Sources */,
				0A9CE7EC22F756E3009CF7A8 /* TravelGraph.swift in Sources */,
				0A9CE7F122F756E3009CF7A8 /* Badge.swift in Sources */,
				0A9CE7EE22F756E3009CF7A8 /* HexagonParameters.swift in Sources */,
				0A9CE7E522F756E3009CF7A8 /* MonumentRow.swift in Sources */,
				0A9CE7E722F756E3009CF7A8 /* CircleImage.swift in Sources */,
				0A9CE7F822F756E3009CF7A8 /* Monument.swift in Sources */,
				0A9CE7F022F756E3009CF7A8 /* BadgeBackground.swift in Sources */,
				0A9CE7F622F756E3009CF7A8 /* AppDelegate.swift in Sources */,
				0A9CE7F322F756E3009CF7A8 /* ContentView.swift in Sources */,
				0A9CE7ED22F756E3009CF7A8 /* RotatedBadgeSymbol.swift in Sources */,
			);
			runOnlyForDeploymentPostprocessing = 0;
		};
/* End PBXSourcesBuildPhase section */

/* Begin PBXVariantGroup section */
		0A9CE7A522F756AA009CF7A8 /* LaunchScreen.storyboard */ = {
			isa = PBXVariantGroup;
			children = (
				0A9CE7A622F756AA009CF7A8 /* Base */,
			);
			name = LaunchScreen.storyboard;
			sourceTree = "<group>";
		};
/* End PBXVariantGroup section */

/* Begin XCBuildConfiguration section */
		0A9CE7A922F756AA009CF7A8 /* Debug */ = {
			isa = XCBuildConfiguration;
			buildSettings = {
				ALWAYS_SEARCH_USER_PATHS = NO;
				CLANG_ANALYZER_NONNULL = YES;
				CLANG_ANALYZER_NUMBER_OBJECT_CONVERSION = YES_AGGRESSIVE;
				CLANG_CXX_LANGUAGE_STANDARD = "gnu++14";
				CLANG_CXX_LIBRARY = "libc++";
				CLANG_ENABLE_MODULES = YES;
				CLANG_ENABLE_OBJC_ARC = YES;
				CLANG_ENABLE_OBJC_WEAK = YES;
				CLANG_WARN_BLOCK_CAPTURE_AUTORELEASING = YES;
				CLANG_WARN_BOOL_CONVERSION = YES;
				CLANG_WARN_COMMA = YES;
				CLANG_WARN_CONSTANT_CONVERSION = YES;
				CLANG_WARN_DEPRECATED_OBJC_IMPLEMENTATIONS = YES;
				CLANG_WARN_DIRECT_OBJC_ISA_USAGE = YES_ERROR;
				CLANG_WARN_DOCUMENTATION_COMMENTS = YES;
				CLANG_WARN_EMPTY_BODY = YES;
				CLANG_WARN_ENUM_CONVERSION = YES;
				CLANG_WARN_INFINITE_RECURSION = YES;
				CLANG_WARN_INT_CONVERSION = YES;
				CLANG_WARN_NON_LITERAL_NULL_CONVERSION = YES;
				CLANG_WARN_OBJC_IMPLICIT_RETAIN_SELF = YES;
				CLANG_WARN_OBJC_LITERAL_CONVERSION = YES;
				CLANG_WARN_OBJC_ROOT_CLASS = YES_ERROR;
				CLANG_WARN_RANGE_LOOP_ANALYSIS = YES;
				CLANG_WARN_STRICT_PROTOTYPES = YES;
				CLANG_WARN_SUSPICIOUS_MOVE = YES;
				CLANG_WARN_UNGUARDED_AVAILABILITY = YES_AGGRESSIVE;
				CLANG_WARN_UNREACHABLE_CODE = YES;
				CLANG_WARN__DUPLICATE_METHOD_MATCH = YES;
				COPY_PHASE_STRIP = NO;
				DEBUG_INFORMATION_FORMAT = dwarf;
				ENABLE_STRICT_OBJC_MSGSEND = YES;
				ENABLE_TESTABILITY = YES;
				GCC_C_LANGUAGE_STANDARD = gnu11;
				GCC_DYNAMIC_NO_PIC = NO;
				GCC_NO_COMMON_BLOCKS = YES;
				GCC_OPTIMIZATION_LEVEL = 0;
				GCC_PREPROCESSOR_DEFINITIONS = (
					"DEBUG=1",
					"$(inherited)",
				);
				GCC_WARN_64_TO_32_BIT_CONVERSION = YES;
				GCC_WARN_ABOUT_RETURN_TYPE = YES_ERROR;
				GCC_WARN_UNDECLARED_SELECTOR = YES;
				GCC_WARN_UNINITIALIZED_AUTOS = YES_AGGRESSIVE;
				GCC_WARN_UNUSED_FUNCTION = YES;
				GCC_WARN_UNUSED_VARIABLE = YES;
				IPHONEOS_DEPLOYMENT_TARGET = 13.0;
				MTL_ENABLE_DEBUG_INFO = INCLUDE_SOURCE;
				MTL_FAST_MATH = YES;
				ONLY_ACTIVE_ARCH = YES;
				SDKROOT = iphoneos;
				SWIFT_ACTIVE_COMPILATION_CONDITIONS = DEBUG;
				SWIFT_OPTIMIZATION_LEVEL = "-Onone";
			};
			name = Debug;
		};
		0A9CE7AA22F756AA009CF7A8 /* Release */ = {
			isa = XCBuildConfiguration;
			buildSettings = {
				ALWAYS_SEARCH_USER_PATHS = NO;
				CLANG_ANALYZER_NONNULL = YES;
				CLANG_ANALYZER_NUMBER_OBJECT_CONVERSION = YES_AGGRESSIVE;
				CLANG_CXX_LANGUAGE_STANDARD = "gnu++14";
				CLANG_CXX_LIBRARY = "libc++";
				CLANG_ENABLE_MODULES = YES;
				CLANG_ENABLE_OBJC_ARC = YES;
				CLANG_ENABLE_OBJC_WEAK = YES;
				CLANG_WARN_BLOCK_CAPTURE_AUTORELEASING = YES;
				CLANG_WARN_BOOL_CONVERSION = YES;
				CLANG_WARN_COMMA = YES;
				CLANG_WARN_CONSTANT_CONVERSION = YES;
				CLANG_WARN_DEPRECATED_OBJC_IMPLEMENTATIONS = YES;
				CLANG_WARN_DIRECT_OBJC_ISA_USAGE = YES_ERROR;
				CLANG_WARN_DOCUMENTATION_COMMENTS = YES;
				CLANG_WARN_EMPTY_BODY = YES;
				CLANG_WARN_ENUM_CONVERSION = YES;
				CLANG_WARN_INFINITE_RECURSION = YES;
				CLANG_WARN_INT_CONVERSION = YES;
				CLANG_WARN_NON_LITERAL_NULL_CONVERSION = YES;
				CLANG_WARN_OBJC_IMPLICIT_RETAIN_SELF = YES;
				CLANG_WARN_OBJC_LITERAL_CONVERSION = YES;
				CLANG_WARN_OBJC_ROOT_CLASS = YES_ERROR;
				CLANG_WARN_RANGE_LOOP_ANALYSIS = YES;
				CLANG_WARN_STRICT_PROTOTYPES = YES;
				CLANG_WARN_SUSPICIOUS_MOVE = YES;
				CLANG_WARN_UNGUARDED_AVAILABILITY = YES_AGGRESSIVE;
				CLANG_WARN_UNREACHABLE_CODE = YES;
				CLANG_WARN__DUPLICATE_METHOD_MATCH = YES;
				COPY_PHASE_STRIP = NO;
				DEBUG_INFORMATION_FORMAT = "dwarf-with-dsym";
				ENABLE_NS_ASSERTIONS = NO;
				ENABLE_STRICT_OBJC_MSGSEND = YES;
				GCC_C_LANGUAGE_STANDARD = gnu11;
				GCC_NO_COMMON_BLOCKS = YES;
				GCC_WARN_64_TO_32_BIT_CONVERSION = YES;
				GCC_WARN_ABOUT_RETURN_TYPE = YES_ERROR;
				GCC_WARN_UNDECLARED_SELECTOR = YES;
				GCC_WARN_UNINITIALIZED_AUTOS = YES_AGGRESSIVE;
				GCC_WARN_UNUSED_FUNCTION = YES;
				GCC_WARN_UNUSED_VARIABLE = YES;
				IPHONEOS_DEPLOYMENT_TARGET = 13.0;
				MTL_ENABLE_DEBUG_INFO = NO;
				MTL_FAST_MATH = YES;
				SDKROOT = iphoneos;
				SWIFT_COMPILATION_MODE = wholemodule;
				SWIFT_OPTIMIZATION_LEVEL = "-O";
				VALIDATE_PRODUCT = YES;
			};
			name = Release;
		};
		0A9CE7AC22F756AA009CF7A8 /* Debug */ = {
			isa = XCBuildConfiguration;
			buildSettings = {
				ASSETCATALOG_COMPILER_APPICON_NAME = AppIcon;
				CODE_SIGN_STYLE = Automatic;
				DEVELOPMENT_ASSET_PATHS = "Monuments/Preview\\ Content";
				DEVELOPMENT_TEAM = YQZQG7N4WG;
				ENABLE_PREVIEWS = YES;
				INFOPLIST_FILE = Monuments/Info.plist;
				LD_RUNPATH_SEARCH_PATHS = (
					"$(inherited)",
					"@executable_path/Frameworks",
				);
				PRODUCT_BUNDLE_IDENTIFIER = com.RudrankRiyam.Monuments;
				PRODUCT_NAME = "$(TARGET_NAME)";
				SWIFT_VERSION = 5.0;
				TARGETED_DEVICE_FAMILY = "1,2";
			};
			name = Debug;
		};
		0A9CE7AD22F756AA009CF7A8 /* Release */ = {
			isa = XCBuildConfiguration;
			buildSettings = {
				ASSETCATALOG_COMPILER_APPICON_NAME = AppIcon;
				CODE_SIGN_STYLE = Automatic;
				DEVELOPMENT_ASSET_PATHS = "Monuments/Preview\\ Content";
				DEVELOPMENT_TEAM = YQZQG7N4WG;
				ENABLE_PREVIEWS = YES;
				INFOPLIST_FILE = Monuments/Info.plist;
				LD_RUNPATH_SEARCH_PATHS = (
					"$(inherited)",
					"@executable_path/Frameworks",
				);
				PRODUCT_BUNDLE_IDENTIFIER = com.RudrankRiyam.Monuments;
				PRODUCT_NAME = "$(TARGET_NAME)";
				SWIFT_VERSION = 5.0;
				TARGETED_DEVICE_FAMILY = "1,2";
			};
			name = Release;
		};
/* End XCBuildConfiguration section */

/* Begin XCConfigurationList section */
		0A9CE79222F756A8009CF7A8 /* Build configuration list for PBXProject "Monuments" */ = {
			isa = XCConfigurationList;
			buildConfigurations = (
				0A9CE7A922F756AA009CF7A8 /* Debug */,
				0A9CE7AA22F756AA009CF7A8 /* Release */,
			);
			defaultConfigurationIsVisible = 0;
			defaultConfigurationName = Release;
		};
		0A9CE7AB22F756AA009CF7A8 /* Build configuration list for PBXNativeTarget "Monuments" */ = {
			isa = XCConfigurationList;
			buildConfigurations = (
				0A9CE7AC22F756AA009CF7A8 /* Debug */,
				0A9CE7AD22F756AA009CF7A8 /* Release */,
			);
			defaultConfigurationIsVisible = 0;
			defaultConfigurationName = Release;
		};
/* End XCConfigurationList section */
	};
	rootObject = 0A9CE78F22F756A8009CF7A8 /* Project object */;
}
